
Microsoft Visual Studio Solution File, Format Version 12.00
# Visual Studio 15
VisualStudioVersion = 15.0.27703.2035
MinimumVisualStudioVersion = 10.0.40219.1
Project("{FAE04EC0-301F-11D3-BF4B-00C04F79EFBC}") = "CSharpCorrect", "CSharpCorrect\CSharpCorrect.csproj", "{19E3DDE5-5AA2-4E0A-BA54-209D7324AF8E}"
EndProject
Project("{FAE04EC0-301F-11D3-BF4B-00C04F79EFBC}") = "Tests", "Tests\Tests.csproj", "{D2C78C55-A65D-4B4A-8E07-790F31B6093C}"
EndProject
Global
	GlobalSection(SolutionConfigurationPlatforms) = preSolution
		Debug|Any CPU = Debug|Any CPU
		Release|Any CPU = Release|Any CPU
	EndGlobalSection
	GlobalSection(ProjectConfigurationPlatforms) = postSolution
		{19E3DDE5-5AA2-4E0A-BA54-209D7324AF8E}.Debug|Any CPU.ActiveCfg = Debug|Any CPU
		{19E3DDE5-5AA2-4E0A-BA54-209D7324AF8E}.Debug|Any CPU.Build.0 = Debug|Any CPU
		{19E3DDE5-5AA2-4E0A-BA54-209D7324AF8E}.Release|Any CPU.ActiveCfg = Release|Any CPU
		{19E3DDE5-5AA2-4E0A-BA54-209D7324AF8E}.Release|Any CPU.Build.0 = Release|Any CPU
		{D2C78C55-A65D-4B4A-8E07-790F31B6093C}.Debug|Any CPU.ActiveCfg = Debug|Any CPU
		{D2C78C55-A65D-4B4A-8E07-790F31B6093C}.Debug|Any CPU.Build.0 = Debug|Any CPU
		{D2C78C55-A65D-4B4A-8E07-790F31B6093C}.Release|Any CPU.ActiveCfg = Release|Any CPU
		{D2C78C55-A65D-4B4A-8E07-790F31B6093C}.Release|Any CPU.Build.0 = Release|Any CPU
	EndGlobalSection
	GlobalSection(SolutionProperties) = preSolution
		HideSolutionNode = FALSE
	EndGlobalSection
	GlobalSection(ExtensibilityGlobals) = postSolution
		SolutionGuid = {A5B6398F-AAA3-4C8A-BC4B-C1CDBC11EB2B}
	EndGlobalSection
EndGlobal
